
Microsoft Visual Studio Solution File, Format Version 12.00
# Visual Studio Version 16
VisualStudioVersion = 16.0.31129.286
MinimumVisualStudioVersion = 10.0.40219.1
Project("{FAE04EC0-301F-11D3-BF4B-00C04F79EFBC}") = "1工厂模式", "工厂模式\1工厂模式.csproj", "{37B89A21-987E-4BE5-91EB-E2E480824E12}"
EndProject
Project("{FAE04EC0-301F-11D3-BF4B-00C04F79EFBC}") = "2抽象工厂模式", "抽象工厂模式\2抽象工厂模式.csproj", "{08D0D8F7-6B1A-40ED-95EE-DAFF921401A5}"
EndProject
Project("{FAE04EC0-301F-11D3-BF4B-00C04F79EFBC}") = "3单例模式", "单例模式\3单例模式.csproj", "{88B2C6DB-8792-456F-B144-947F6F30AFD0}"
EndProject
Project("{2150E333-8FDC-42A3-9474-1A3956D46DE8}") = "resource", "resource", "{F0E419AA-27C8-4A4A-A87B-A71113103543}"
	ProjectSection(SolutionItems) = preProject
		..\..\..\Desktop\the-relationship-between-design-patterns.jpg = ..\..\..\Desktop\the-relationship-between-design-patterns.jpg
	EndProjectSection
EndProject
Project("{FAE04EC0-301F-11D3-BF4B-00C04F79EFBC}") = "4建造者模式", "4建造者模式\4建造者模式.csproj", "{51422B5F-5B3A-4F03-A5C0-D54E352D8E2F}"
EndProject
Project("{FAE04EC0-301F-11D3-BF4B-00C04F79EFBC}") = "5原型模式", "5原型模式\5原型模式.csproj", "{663BED7B-3CE7-485C-B0D9-37D2EF8CD57A}"
EndProject
Project("{9A19103F-16F7-4668-BE54-9A1E7A4F7556}") = "6适配器模式", "6适配器模式\6适配器模式.csproj", "{C7F2D41A-7A74-43EF-8353-0CBCD694F5C6}"
EndProject
Project("{9A19103F-16F7-4668-BE54-9A1E7A4F7556}") = "7桥接模式", "7桥接模式\7桥接模式.csproj", "{448A6FDA-7A12-4693-BF69-419C5696868F}"
EndProject
Project("{9A19103F-16F7-4668-BE54-9A1E7A4F7556}") = "8MVC模式", "8MVC模式\8MVC模式.csproj", "{A1A8DE64-5ED9-4678-907C-2E0BC6A4E766}"
EndProject
Project("{9A19103F-16F7-4668-BE54-9A1E7A4F7556}") = "9过滤器模式", "9过滤器模式\9过滤器模式.csproj", "{F5F68D89-B17C-45BF-8DEB-02B5EF72D177}"
EndProject
Project("{9A19103F-16F7-4668-BE54-9A1E7A4F7556}") = "10组合模式", "10组合模式\10组合模式.csproj", "{5C6F62A4-3219-448A-B14F-95763E01ACE4}"
EndProject
Project("{9A19103F-16F7-4668-BE54-9A1E7A4F7556}") = "11装饰器模式", "11装饰器模式\11装饰器模式.csproj", "{2D40C800-DAC5-4142-BC0F-BE287D9544A9}"
EndProject
Project("{9A19103F-16F7-4668-BE54-9A1E7A4F7556}") = "12外观模式", "12外观模式\12外观模式.csproj", "{E12DFDFA-8661-4743-909D-8B9F3A627A39}"
EndProject
Project("{9A19103F-16F7-4668-BE54-9A1E7A4F7556}") = "13享元模式", "13享元模式\13享元模式.csproj", "{DCF9F474-1C16-4A3A-9875-A1828BB6BF33}"
EndProject
Project("{9A19103F-16F7-4668-BE54-9A1E7A4F7556}") = "14代理模式", "14代理模式\14代理模式.csproj", "{29A57744-38CE-4589-B51A-9C1C7B34346D}"
EndProject
Project("{9A19103F-16F7-4668-BE54-9A1E7A4F7556}") = "15责任链模式", "15责任链模式\15责任链模式.csproj", "{80502090-857F-4255-8659-9AEFA42F8FE9}"
EndProject
Project("{9A19103F-16F7-4668-BE54-9A1E7A4F7556}") = "16命令模式", "16命令模式\16命令模式.csproj", "{276CB03D-DE59-4B5F-9847-F0AD36B74DBD}"
EndProject
Project("{9A19103F-16F7-4668-BE54-9A1E7A4F7556}") = "17解释器模式", "17解释器模式\17解释器模式.csproj", "{CD95D221-B652-4A98-8ADF-DCF1F6C0233C}"
EndProject
Project("{9A19103F-16F7-4668-BE54-9A1E7A4F7556}") = "18迭代器模式", "18迭代器模式\18迭代器模式.csproj", "{E2A75E53-6F6B-4E03-86AC-6B39DFCC233C}"
EndProject
Project("{9A19103F-16F7-4668-BE54-9A1E7A4F7556}") = "19中介者模式", "19中介者模式\19中介者模式.csproj", "{2B221404-C52C-402A-9991-9CED985D2D4F}"
EndProject
Project("{9A19103F-16F7-4668-BE54-9A1E7A4F7556}") = "20备忘录模式", "20备忘录模式\20备忘录模式.csproj", "{698B3019-8391-47EA-863A-D9F2A24B0C6F}"
EndProject
Project("{9A19103F-16F7-4668-BE54-9A1E7A4F7556}") = "21观察者模式", "21观察者模式\21观察者模式.csproj", "{A3A7C2B3-8A42-45AB-94C7-F1255F25DC39}"
EndProject
Project("{9A19103F-16F7-4668-BE54-9A1E7A4F7556}") = "22状态模式", "22状态模式\22状态模式.csproj", "{75325D03-5160-43AC-83D0-F1861A7323EB}"
EndProject
Project("{9A19103F-16F7-4668-BE54-9A1E7A4F7556}") = "23空对象模式", "23空对象模式\23空对象模式.csproj", "{BD4FD0AE-1C35-4878-A80C-5933010B212E}"
EndProject
Project("{9A19103F-16F7-4668-BE54-9A1E7A4F7556}") = "24策略模式", "24策略模式\24策略模式.csproj", "{D927E131-CBC5-4D16-9A6C-DD9A625BEF41}"
EndProject
Project("{9A19103F-16F7-4668-BE54-9A1E7A4F7556}") = "25模板模式", "25模板模式\25模板模式.csproj", "{BE9EE969-C89E-4DCE-A917-26729B9636E7}"
EndProject
Project("{9A19103F-16F7-4668-BE54-9A1E7A4F7556}") = "26访问者模式", "26访问者模式\26访问者模式.csproj", "{9B46DAE9-6FBE-43E6-AC8C-107332C7DB9F}"
EndProject
Project("{2150E333-8FDC-42A3-9474-1A3956D46DE8}") = "Solution Items", "Solution Items", "{F1AA969B-5715-4BF9-8832-3D66C70E0A2E}"
	ProjectSection(SolutionItems) = preProject
		note.txt = note.txt
	EndProjectSection
EndProject
Project("{FAE04EC0-301F-11D3-BF4B-00C04F79EFBC}") = "Autofac使用", "Autofac使用\Autofac使用.csproj", "{B4F54C21-4430-4BA5-94BA-F1409058B773}"
EndProject
Global
	GlobalSection(SolutionConfigurationPlatforms) = preSolution
		Debug|Any CPU = Debug|Any CPU
		Release|Any CPU = Release|Any CPU
	EndGlobalSection
	GlobalSection(ProjectConfigurationPlatforms) = postSolution
		{37B89A21-987E-4BE5-91EB-E2E480824E12}.Debug|Any CPU.ActiveCfg = Debug|Any CPU
		{37B89A21-987E-4BE5-91EB-E2E480824E12}.Debug|Any CPU.Build.0 = Debug|Any CPU
		{37B89A21-987E-4BE5-91EB-E2E480824E12}.Release|Any CPU.ActiveCfg = Release|Any CPU
		{37B89A21-987E-4BE5-91EB-E2E480824E12}.Release|Any CPU.Build.0 = Release|Any CPU
		{08D0D8F7-6B1A-40ED-95EE-DAFF921401A5}.Debug|Any CPU.ActiveCfg = Debug|Any CPU
		{08D0D8F7-6B1A-40ED-95EE-DAFF921401A5}.Debug|Any CPU.Build.0 = Debug|Any CPU
		{08D0D8F7-6B1A-40ED-95EE-DAFF921401A5}.Release|Any CPU.ActiveCfg = Release|Any CPU
		{08D0D8F7-6B1A-40ED-95EE-DAFF921401A5}.Release|Any CPU.Build.0 = Release|Any CPU
		{88B2C6DB-8792-456F-B144-947F6F30AFD0}.Debug|Any CPU.ActiveCfg = Debug|Any CPU
		{88B2C6DB-8792-456F-B144-947F6F30AFD0}.Debug|Any CPU.Build.0 = Debug|Any CPU
		{88B2C6DB-8792-456F-B144-947F6F30AFD0}.Release|Any CPU.ActiveCfg = Release|Any CPU
		{88B2C6DB-8792-456F-B144-947F6F30AFD0}.Release|Any CPU.Build.0 = Release|Any CPU
		{51422B5F-5B3A-4F03-A5C0-D54E352D8E2F}.Debug|Any CPU.ActiveCfg = Debug|Any CPU
		{51422B5F-5B3A-4F03-A5C0-D54E352D8E2F}.Debug|Any CPU.Build.0 = Debug|Any CPU
		{51422B5F-5B3A-4F03-A5C0-D54E352D8E2F}.Release|Any CPU.ActiveCfg = Release|Any CPU
		{51422B5F-5B3A-4F03-A5C0-D54E352D8E2F}.Release|Any CPU.Build.0 = Release|Any CPU
		{663BED7B-3CE7-485C-B0D9-37D2EF8CD57A}.Debug|Any CPU.ActiveCfg = Debug|Any CPU
		{663BED7B-3CE7-485C-B0D9-37D2EF8CD57A}.Debug|Any CPU.Build.0 = Debug|Any CPU
		{663BED7B-3CE7-485C-B0D9-37D2EF8CD57A}.Release|Any CPU.ActiveCfg = Release|Any CPU
		{663BED7B-3CE7-485C-B0D9-37D2EF8CD57A}.Release|Any CPU.Build.0 = Release|Any CPU
		{C7F2D41A-7A74-43EF-8353-0CBCD694F5C6}.Debug|Any CPU.ActiveCfg = Debug|Any CPU
		{C7F2D41A-7A74-43EF-8353-0CBCD694F5C6}.Debug|Any CPU.Build.0 = Debug|Any CPU
		{C7F2D41A-7A74-43EF-8353-0CBCD694F5C6}.Release|Any CPU.ActiveCfg = Release|Any CPU
		{C7F2D41A-7A74-43EF-8353-0CBCD694F5C6}.Release|Any CPU.Build.0 = Release|Any CPU
		{448A6FDA-7A12-4693-BF69-419C5696868F}.Debug|Any CPU.ActiveCfg = Debug|Any CPU
		{448A6FDA-7A12-4693-BF69-419C5696868F}.Debug|Any CPU.Build.0 = Debug|Any CPU
		{448A6FDA-7A12-4693-BF69-419C5696868F}.Release|Any CPU.ActiveCfg = Release|Any CPU
		{448A6FDA-7A12-4693-BF69-419C5696868F}.Release|Any CPU.Build.0 = Release|Any CPU
		{A1A8DE64-5ED9-4678-907C-2E0BC6A4E766}.Debug|Any CPU.ActiveCfg = Debug|Any CPU
		{A1A8DE64-5ED9-4678-907C-2E0BC6A4E766}.Debug|Any CPU.Build.0 = Debug|Any CPU
		{A1A8DE64-5ED9-4678-907C-2E0BC6A4E766}.Release|Any CPU.ActiveCfg = Release|Any CPU
		{A1A8DE64-5ED9-4678-907C-2E0BC6A4E766}.Release|Any CPU.Build.0 = Release|Any CPU
		{F5F68D89-B17C-45BF-8DEB-02B5EF72D177}.Debug|Any CPU.ActiveCfg = Debug|Any CPU
		{F5F68D89-B17C-45BF-8DEB-02B5EF72D177}.Debug|Any CPU.Build.0 = Debug|Any CPU
		{F5F68D89-B17C-45BF-8DEB-02B5EF72D177}.Release|Any CPU.ActiveCfg = Release|Any CPU
		{F5F68D89-B17C-45BF-8DEB-02B5EF72D177}.Release|Any CPU.Build.0 = Release|Any CPU
		{5C6F62A4-3219-448A-B14F-95763E01ACE4}.Debug|Any CPU.ActiveCfg = Debug|Any CPU
		{5C6F62A4-3219-448A-B14F-95763E01ACE4}.Debug|Any CPU.Build.0 = Debug|Any CPU
		{5C6F62A4-3219-448A-B14F-95763E01ACE4}.Release|Any CPU.ActiveCfg = Release|Any CPU
		{5C6F62A4-3219-448A-B14F-95763E01ACE4}.Release|Any CPU.Build.0 = Release|Any CPU
		{2D40C800-DAC5-4142-BC0F-BE287D9544A9}.Debug|Any CPU.ActiveCfg = Debug|Any CPU
		{2D40C800-DAC5-4142-BC0F-BE287D9544A9}.Debug|Any CPU.Build.0 = Debug|Any CPU
		{2D40C800-DAC5-4142-BC0F-BE287D9544A9}.Release|Any CPU.ActiveCfg = Release|Any CPU
		{2D40C800-DAC5-4142-BC0F-BE287D9544A9}.Release|Any CPU.Build.0 = Release|Any CPU
		{E12DFDFA-8661-4743-909D-8B9F3A627A39}.Debug|Any CPU.ActiveCfg = Debug|Any CPU
		{E12DFDFA-8661-4743-909D-8B9F3A627A39}.Debug|Any CPU.Build.0 = Debug|Any CPU
		{E12DFDFA-8661-4743-909D-8B9F3A627A39}.Release|Any CPU.ActiveCfg = Release|Any CPU
		{E12DFDFA-8661-4743-909D-8B9F3A627A39}.Release|Any CPU.Build.0 = Release|Any CPU
		{DCF9F474-1C16-4A3A-9875-A1828BB6BF33}.Debug|Any CPU.ActiveCfg = Debug|Any CPU
		{DCF9F474-1C16-4A3A-9875-A1828BB6BF33}.Debug|Any CPU.Build.0 = Debug|Any CPU
		{DCF9F474-1C16-4A3A-9875-A1828BB6BF33}.Release|Any CPU.ActiveCfg = Release|Any CPU
		{DCF9F474-1C16-4A3A-9875-A1828BB6BF33}.Release|Any CPU.Build.0 = Release|Any CPU
		{29A57744-38CE-4589-B51A-9C1C7B34346D}.Debug|Any CPU.ActiveCfg = Debug|Any CPU
		{29A57744-38CE-4589-B51A-9C1C7B34346D}.Debug|Any CPU.Build.0 = Debug|Any CPU
		{29A57744-38CE-4589-B51A-9C1C7B34346D}.Release|Any CPU.ActiveCfg = Release|Any CPU
		{29A57744-38CE-4589-B51A-9C1C7B34346D}.Release|Any CPU.Build.0 = Release|Any CPU
		{80502090-857F-4255-8659-9AEFA42F8FE9}.Debug|Any CPU.ActiveCfg = Debug|Any CPU
		{80502090-857F-4255-8659-9AEFA42F8FE9}.Debug|Any CPU.Build.0 = Debug|Any CPU
		{80502090-857F-4255-8659-9AEFA42F8FE9}.Release|Any CPU.ActiveCfg = Release|Any CPU
		{80502090-857F-4255-8659-9AEFA42F8FE9}.Release|Any CPU.Build.0 = Release|Any CPU
		{276CB03D-DE59-4B5F-9847-F0AD36B74DBD}.Debug|Any CPU.ActiveCfg = Debug|Any CPU
		{276CB03D-DE59-4B5F-9847-F0AD36B74DBD}.Debug|Any CPU.Build.0 = Debug|Any CPU
		{276CB03D-DE59-4B5F-9847-F0AD36B74DBD}.Release|Any CPU.ActiveCfg = Release|Any CPU
		{276CB03D-DE59-4B5F-9847-F0AD36B74DBD}.Release|Any CPU.Build.0 = Release|Any CPU
		{CD95D221-B652-4A98-8ADF-DCF1F6C0233C}.Debug|Any CPU.ActiveCfg = Debug|Any CPU
		{CD95D221-B652-4A98-8ADF-DCF1F6C0233C}.Debug|Any CPU.Build.0 = Debug|Any CPU
		{CD95D221-B652-4A98-8ADF-DCF1F6C0233C}.Release|Any CPU.ActiveCfg = Release|Any CPU
		{CD95D221-B652-4A98-8ADF-DCF1F6C0233C}.Release|Any CPU.Build.0 = Release|Any CPU
		{E2A75E53-6F6B-4E03-86AC-6B39DFCC233C}.Debug|Any CPU.ActiveCfg = Debug|Any CPU
		{E2A75E53-6F6B-4E03-86AC-6B39DFCC233C}.Debug|Any CPU.Build.0 = Debug|Any CPU
		{E2A75E53-6F6B-4E03-86AC-6B39DFCC233C}.Release|Any CPU.ActiveCfg = Release|Any CPU
		{E2A75E53-6F6B-4E03-86AC-6B39DFCC233C}.Release|Any CPU.Build.0 = Release|Any CPU
		{2B221404-C52C-402A-9991-9CED985D2D4F}.Debug|Any CPU.ActiveCfg = Debug|Any CPU
		{2B221404-C52C-402A-9991-9CED985D2D4F}.Debug|Any CPU.Build.0 = Debug|Any CPU
		{2B221404-C52C-402A-9991-9CED985D2D4F}.Release|Any CPU.ActiveCfg = Release|Any CPU
		{2B221404-C52C-402A-9991-9CED985D2D4F}.Release|Any CPU.Build.0 = Release|Any CPU
		{698B3019-8391-47EA-863A-D9F2A24B0C6F}.Debug|Any CPU.ActiveCfg = Debug|Any CPU
		{698B3019-8391-47EA-863A-D9F2A24B0C6F}.Debug|Any CPU.Build.0 = Debug|Any CPU
		{698B3019-8391-47EA-863A-D9F2A24B0C6F}.Release|Any CPU.ActiveCfg = Release|Any CPU
		{698B3019-8391-47EA-863A-D9F2A24B0C6F}.Release|Any CPU.Build.0 = Release|Any CPU
		{A3A7C2B3-8A42-45AB-94C7-F1255F25DC39}.Debug|Any CPU.ActiveCfg = Debug|Any CPU
		{A3A7C2B3-8A42-45AB-94C7-F1255F25DC39}.Debug|Any CPU.Build.0 = Debug|Any CPU
		{A3A7C2B3-8A42-45AB-94C7-F1255F25DC39}.Release|Any CPU.ActiveCfg = Release|Any CPU
		{A3A7C2B3-8A42-45AB-94C7-F1255F25DC39}.Release|Any CPU.Build.0 = Release|Any CPU
		{75325D03-5160-43AC-83D0-F1861A7323EB}.Debug|Any CPU.ActiveCfg = Debug|Any CPU
		{75325D03-5160-43AC-83D0-F1861A7323EB}.Debug|Any CPU.Build.0 = Debug|Any CPU
		{75325D03-5160-43AC-83D0-F1861A7323EB}.Release|Any CPU.ActiveCfg = Release|Any CPU
		{75325D03-5160-43AC-83D0-F1861A7323EB}.Release|Any CPU.Build.0 = Release|Any CPU
		{BD4FD0AE-1C35-4878-A80C-5933010B212E}.Debug|Any CPU.ActiveCfg = Debug|Any CPU
		{BD4FD0AE-1C35-4878-A80C-5933010B212E}.Debug|Any CPU.Build.0 = Debug|Any CPU
		{BD4FD0AE-1C35-4878-A80C-5933010B212E}.Release|Any CPU.ActiveCfg = Release|Any CPU
		{BD4FD0AE-1C35-4878-A80C-5933010B212E}.Release|Any CPU.Build.0 = Release|Any CPU
		{D927E131-CBC5-4D16-9A6C-DD9A625BEF41}.Debug|Any CPU.ActiveCfg = Debug|Any CPU
		{D927E131-CBC5-4D16-9A6C-DD9A625BEF41}.Debug|Any CPU.Build.0 = Debug|Any CPU
		{D927E131-CBC5-4D16-9A6C-DD9A625BEF41}.Release|Any CPU.ActiveCfg = Release|Any CPU
		{D927E131-CBC5-4D16-9A6C-DD9A625BEF41}.Release|Any CPU.Build.0 = Release|Any CPU
		{BE9EE969-C89E-4DCE-A917-26729B9636E7}.Debug|Any CPU.ActiveCfg = Debug|Any CPU
		{BE9EE969-C89E-4DCE-A917-26729B9636E7}.Debug|Any CPU.Build.0 = Debug|Any CPU
		{BE9EE969-C89E-4DCE-A917-26729B9636E7}.Release|Any CPU.ActiveCfg = Release|Any CPU
		{BE9EE969-C89E-4DCE-A917-26729B9636E7}.Release|Any CPU.Build.0 = Release|Any CPU
		{9B46DAE9-6FBE-43E6-AC8C-107332C7DB9F}.Debug|Any CPU.ActiveCfg = Debug|Any CPU
		{9B46DAE9-6FBE-43E6-AC8C-107332C7DB9F}.Debug|Any CPU.Build.0 = Debug|Any CPU
		{9B46DAE9-6FBE-43E6-AC8C-107332C7DB9F}.Release|Any CPU.ActiveCfg = Release|Any CPU
		{9B46DAE9-6FBE-43E6-AC8C-107332C7DB9F}.Release|Any CPU.Build.0 = Release|Any CPU
		{B4F54C21-4430-4BA5-94BA-F1409058B773}.Debug|Any CPU.ActiveCfg = Debug|Any CPU
		{B4F54C21-4430-4BA5-94BA-F1409058B773}.Debug|Any CPU.Build.0 = Debug|Any CPU
		{B4F54C21-4430-4BA5-94BA-F1409058B773}.Release|Any CPU.ActiveCfg = Release|Any CPU
		{B4F54C21-4430-4BA5-94BA-F1409058B773}.Release|Any CPU.Build.0 = Release|Any CPU
	EndGlobalSection
	GlobalSection(SolutionProperties) = preSolution
		HideSolutionNode = FALSE
	EndGlobalSection
	GlobalSection(ExtensibilityGlobals) = postSolution
		SolutionGuid = {F9DEFBCE-D93B-440E-8905-2BEDADD32A48}
	EndGlobalSection
EndGlobal
